// !$*UTF8*$!
{
	archiveVersion = 1;
	classes = {
	};
	objectVersion = 52;
	objects = {

/* Begin PBXBuildFile section */
		430D470522AF77B300A7FA6E /* AppDelegate.swift in Sources */ = {isa = PBXBuildFile; fileRef = 430D470422AF77B300A7FA6E /* AppDelegate.swift */; };
		430D470722AF77B300A7FA6E /* SceneDelegate.swift in Sources */ = {isa = PBXBuildFile; fileRef = 430D470622AF77B300A7FA6E /* SceneDelegate.swift */; };
		430D470B22AF77B600A7FA6E /* Assets.xcassets in Resources */ = {isa = PBXBuildFile; fileRef = 430D470A22AF77B600A7FA6E /* Assets.xcassets */; };
		430D470E22AF77B600A7FA6E /* Preview Assets.xcassets in Resources */ = {isa = PBXBuildFile; fileRef = 430D470D22AF77B600A7FA6E /* Preview Assets.xcassets */; };
		430D471122AF77B600A7FA6E /* LaunchScreen.storyboard in Resources */ = {isa = PBXBuildFile; fileRef = 430D470F22AF77B600A7FA6E /* LaunchScreen.storyboard */; };
		430D473922B207E900A7FA6E /* SunburstDiagram in Frameworks */ = {isa = PBXBuildFile; productRef = 430D473822B207E900A7FA6E /* SunburstDiagram */; };
		82A57BA722B873190044FF2B /* SettingsView.swift in Sources */ = {isa = PBXBuildFile; fileRef = 82A57BA622B873190044FF2B /* SettingsView.swift */; };
		82C7F13C22B9C5EE008B461C /* RootView.swift in Sources */ = {isa = PBXBuildFile; fileRef = 82C7F13B22B9C5EE008B461C /* RootView.swift */; };
		82C7F13E22B9CE95008B461C /* SettingsNodesView.swift in Sources */ = {isa = PBXBuildFile; fileRef = 82C7F13D22B9CE95008B461C /* SettingsNodesView.swift */; };
		82C7F14022B9F35C008B461C /* IfLetView.swift in Sources */ = {isa = PBXBuildFile; fileRef = 82C7F13F22B9F35B008B461C /* IfLetView.swift */; };
		82C7F14222B9F4EE008B461C /* SettingsNewNodeView.swift in Sources */ = {isa = PBXBuildFile; fileRef = 82C7F14122B9F4EE008B461C /* SettingsNewNodeView.swift */; };
/* End PBXBuildFile section */

/* Begin PBXFileReference section */
		430D470122AF77B300A7FA6E /* SunburstDiagramDemo.app */ = {isa = PBXFileReference; explicitFileType = wrapper.application; includeInIndex = 0; path = SunburstDiagramDemo.app; sourceTree = BUILT_PRODUCTS_DIR; };
		430D470422AF77B300A7FA6E /* AppDelegate.swift */ = {isa = PBXFileReference; lastKnownFileType = sourcecode.swift; path = AppDelegate.swift; sourceTree = "<group>"; };
		430D470622AF77B300A7FA6E /* SceneDelegate.swift */ = {isa = PBXFileReference; lastKnownFileType = sourcecode.swift; path = SceneDelegate.swift; sourceTree = "<group>"; };
		430D470A22AF77B600A7FA6E /* Assets.xcassets */ = {isa = PBXFileReference; lastKnownFileType = folder.assetcatalog; path = Assets.xcassets; sourceTree = "<group>"; };
		430D470D22AF77B600A7FA6E /* Preview Assets.xcassets */ = {isa = PBXFileReference; lastKnownFileType = folder.assetcatalog; path = "Preview Assets.xcassets"; sourceTree = "<group>"; };
		430D471022AF77B600A7FA6E /* Base */ = {isa = PBXFileReference; lastKnownFileType = file.storyboard; name = Base; path = Base.lproj/LaunchScreen.storyboard; sourceTree = "<group>"; };
		430D471222AF77B600A7FA6E /* Info.plist */ = {isa = PBXFileReference; lastKnownFileType = text.plist.xml; path = Info.plist; sourceTree = "<group>"; };
		430D473722B1FF2A00A7FA6E /* SunburstDiagram */ = {isa = PBXFileReference; lastKnownFileType = folder; name = SunburstDiagram; path = ../SunburstDiagram; sourceTree = "<group>"; };
		82A57BA622B873190044FF2B /* SettingsView.swift */ = {isa = PBXFileReference; lastKnownFileType = sourcecode.swift; path = SettingsView.swift; sourceTree = "<group>"; };
		82C7F13B22B9C5EE008B461C /* RootView.swift */ = {isa = PBXFileReference; lastKnownFileType = sourcecode.swift; path = RootView.swift; sourceTree = "<group>"; };
		82C7F13D22B9CE95008B461C /* SettingsNodesView.swift */ = {isa = PBXFileReference; lastKnownFileType = sourcecode.swift; path = SettingsNodesView.swift; sourceTree = "<group>"; };
		82C7F13F22B9F35B008B461C /* IfLetView.swift */ = {isa = PBXFileReference; fileEncoding = 4; lastKnownFileType = sourcecode.swift; path = IfLetView.swift; sourceTree = "<group>"; };
		82C7F14122B9F4EE008B461C /* SettingsNewNodeView.swift */ = {isa = PBXFileReference; lastKnownFileType = sourcecode.swift; path = SettingsNewNodeView.swift; sourceTree = "<group>"; };
/* End PBXFileReference section */

/* Begin PBXFrameworksBuildPhase section */
		430D46FE22AF77B300A7FA6E /* Frameworks */ = {
			isa = PBXFrameworksBuildPhase;
			buildActionMask = 2147483647;
			files = (
				430D473922B207E900A7FA6E /* SunburstDiagram in Frameworks */,
			);
			runOnlyForDeploymentPostprocessing = 0;
		};
/* End PBXFrameworksBuildPhase section */

/* Begin PBXGroup section */
		430D46F822AF77B300A7FA6E = {
			isa = PBXGroup;
			children = (
				430D470322AF77B300A7FA6E /* SunburstDiagram */,
				430D470222AF77B300A7FA6E /* Products */,
				430D473622B1FF2A00A7FA6E /* Frameworks */,
			);
			sourceTree = "<group>";
		};
		430D470222AF77B300A7FA6E /* Products */ = {
			isa = PBXGroup;
			children = (
				430D470122AF77B300A7FA6E /* SunburstDiagramDemo.app */,
			);
			name = Products;
			sourceTree = "<group>";
		};
		430D470322AF77B300A7FA6E /* SunburstDiagram */ = {
			isa = PBXGroup;
			children = (
				430D470422AF77B300A7FA6E /* AppDelegate.swift */,
				430D470622AF77B300A7FA6E /* SceneDelegate.swift */,
				82C7F13B22B9C5EE008B461C /* RootView.swift */,
				82A57BA622B873190044FF2B /* SettingsView.swift */,
				82C7F13D22B9CE95008B461C /* SettingsNodesView.swift */,
				82C7F14122B9F4EE008B461C /* SettingsNewNodeView.swift */,
				82C7F13F22B9F35B008B461C /* IfLetView.swift */,
				430D470A22AF77B600A7FA6E /* Assets.xcassets */,
				430D470F22AF77B600A7FA6E /* LaunchScreen.storyboard */,
				430D471222AF77B600A7FA6E /* Info.plist */,
				430D470C22AF77B600A7FA6E /* Preview Content */,
			);
			path = SunburstDiagram;
			sourceTree = "<group>";
		};
		430D470C22AF77B600A7FA6E /* Preview Content */ = {
			isa = PBXGroup;
			children = (
				430D470D22AF77B600A7FA6E /* Preview Assets.xcassets */,
			);
			path = "Preview Content";
			sourceTree = "<group>";
		};
		430D473622B1FF2A00A7FA6E /* Frameworks */ = {
			isa = PBXGroup;
			children = (
				430D473722B1FF2A00A7FA6E /* SunburstDiagram */,
			);
			name = Frameworks;
			sourceTree = "<group>";
		};
/* End PBXGroup section */

/* Begin PBXNativeTarget section */
		430D470022AF77B300A7FA6E /* SunburstDiagramDemo */ = {
			isa = PBXNativeTarget;
			buildConfigurationList = 430D471522AF77B600A7FA6E /* Build configuration list for PBXNativeTarget "SunburstDiagramDemo" */;
			buildPhases = (
				430D46FD22AF77B300A7FA6E /* Sources */,
				430D46FE22AF77B300A7FA6E /* Frameworks */,
				430D46FF22AF77B300A7FA6E /* Resources */,
			);
			buildRules = (
			);
			dependencies = (
			);
			name = SunburstDiagramDemo;
			packageProductDependencies = (
				430D473822B207E900A7FA6E /* SunburstDiagram */,
			);
			productName = SunburstDiagram;
			productReference = 430D470122AF77B300A7FA6E /* SunburstDiagramDemo.app */;
			productType = "com.apple.product-type.application";
		};
/* End PBXNativeTarget section */

/* Begin PBXProject section */
		430D46F922AF77B300A7FA6E /* Project object */ = {
			isa = PBXProject;
			attributes = {
				LastSwiftUpdateCheck = 1100;
				LastUpgradeCheck = 1100;
				ORGANIZATIONNAME = "Ludovic Landry";
				TargetAttributes = {
					430D470022AF77B300A7FA6E = {
						CreatedOnToolsVersion = 11.0;
					};
				};
			};
			buildConfigurationList = 430D46FC22AF77B300A7FA6E /* Build configuration list for PBXProject "SunburstDiagramDemo" */;
			compatibilityVersion = "Xcode 9.3";
			developmentRegion = en;
			hasScannedForEncodings = 0;
			knownRegions = (
				en,
				Base,
			);
			mainGroup = 430D46F822AF77B300A7FA6E;
			productRefGroup = 430D470222AF77B300A7FA6E /* Products */;
			projectDirPath = "";
			projectRoot = "";
			targets = (
				430D470022AF77B300A7FA6E /* SunburstDiagramDemo */,
			);
		};
/* End PBXProject section */

/* Begin PBXResourcesBuildPhase section */
		430D46FF22AF77B300A7FA6E /* Resources */ = {
			isa = PBXResourcesBuildPhase;
			buildActionMask = 2147483647;
			files = (
				430D471122AF77B600A7FA6E /* LaunchScreen.storyboard in Resources */,
				430D470E22AF77B600A7FA6E /* Preview Assets.xcassets in Resources */,
				430D470B22AF77B600A7FA6E /* Assets.xcassets in Resources */,
			);
			runOnlyForDeploymentPostprocessing = 0;
		};
/* End PBXResourcesBuildPhase section */

/* Begin PBXSourcesBuildPhase section */
		430D46FD22AF77B300A7FA6E /* Sources */ = {
			isa = PBXSourcesBuildPhase;
			buildActionMask = 2147483647;
			files = (
				82A57BA722B873190044FF2B /* SettingsView.swift in Sources */,
				82C7F14022B9F35C008B461C /* IfLetView.swift in Sources */,
				430D470522AF77B300A7FA6E /* AppDelegate.swift in Sources */,
				82C7F13E22B9CE95008B461C /* SettingsNodesView.swift in Sources */,
				82C7F14222B9F4EE008B461C /* SettingsNewNodeView.swift in Sources */,
				82C7F13C22B9C5EE008B461C /* RootView.swift in Sources */,
				430D470722AF77B300A7FA6E /* SceneDelegate.swift in Sources */,
			);
			runOnlyForDeploymentPostprocessing = 0;
		};
/* End PBXSourcesBuildPhase section */

/* Begin PBXVariantGroup section */
		430D470F22AF77B600A7FA6E /* LaunchScreen.storyboard */ = {
			isa = PBXVariantGroup;
			children = (
				430D471022AF77B600A7FA6E /* Base */,
			);
			name = LaunchScreen.storyboard;
			sourceTree = "<group>";
		};
/* End PBXVariantGroup section */

/* Begin XCBuildConfiguration section */
		430D471322AF77B600A7FA6E /* Debug */ = {
			isa = XCBuildConfiguration;
			buildSettings = {
				ALWAYS_SEARCH_USER_PATHS = NO;
				CLANG_ANALYZER_NONNULL = YES;
				CLANG_ANALYZER_NUMBER_OBJECT_CONVERSION = YES_AGGRESSIVE;
				CLANG_CXX_LANGUAGE_STANDARD = "gnu++14";
				CLANG_CXX_LIBRARY = "libc++";
				CLANG_ENABLE_MODULES = YES;
				CLANG_ENABLE_OBJC_ARC = YES;
				CLANG_ENABLE_OBJC_WEAK = YES;
				CLANG_WARN_BLOCK_CAPTURE_AUTORELEASING = YES;
				CLANG_WARN_BOOL_CONVERSION = YES;
				CLANG_WARN_COMMA = YES;
				CLANG_WARN_CONSTANT_CONVERSION = YES;
				CLANG_WARN_DEPRECATED_OBJC_IMPLEMENTATIONS = YES;
				CLANG_WARN_DIRECT_OBJC_ISA_USAGE = YES_ERROR;
				CLANG_WARN_DOCUMENTATION_COMMENTS = YES;
				CLANG_WARN_EMPTY_BODY = YES;
				CLANG_WARN_ENUM_CONVERSION = YES;
				CLANG_WARN_INFINITE_RECURSION = YES;
				CLANG_WARN_INT_CONVERSION = YES;
				CLANG_WARN_NON_LITERAL_NULL_CONVERSION = YES;
				CLANG_WARN_OBJC_IMPLICIT_RETAIN_SELF = YES;
				CLANG_WARN_OBJC_LITERAL_CONVERSION = YES;
				CLANG_WARN_OBJC_ROOT_CLASS = YES_ERROR;
				CLANG_WARN_RANGE_LOOP_ANALYSIS = YES;
				CLANG_WARN_STRICT_PROTOTYPES = YES;
				CLANG_WARN_SUSPICIOUS_MOVE = YES;
				CLANG_WARN_UNGUARDED_AVAILABILITY = YES_AGGRESSIVE;
				CLANG_WARN_UNREACHABLE_CODE = YES;
				CLANG_WARN__DUPLICATE_METHOD_MATCH = YES;
				COPY_PHASE_STRIP = NO;
				DEBUG_INFORMATION_FORMAT = dwarf;
				ENABLE_STRICT_OBJC_MSGSEND = YES;
				ENABLE_TESTABILITY = YES;
				GCC_C_LANGUAGE_STANDARD = gnu11;
				GCC_DYNAMIC_NO_PIC = NO;
				GCC_NO_COMMON_BLOCKS = YES;
				GCC_OPTIMIZATION_LEVEL = 0;
				GCC_PREPROCESSOR_DEFINITIONS = (
					"DEBUG=1",
					"$(inherited)",
				);
				GCC_WARN_64_TO_32_BIT_CONVERSION = YES;
				GCC_WARN_ABOUT_RETURN_TYPE = YES_ERROR;
				GCC_WARN_UNDECLARED_SELECTOR = YES;
				GCC_WARN_UNINITIALIZED_AUTOS = YES_AGGRESSIVE;
				GCC_WARN_UNUSED_FUNCTION = YES;
				GCC_WARN_UNUSED_VARIABLE = YES;
				IPHONEOS_DEPLOYMENT_TARGET = 13.0;
				MTL_ENABLE_DEBUG_INFO = INCLUDE_SOURCE;
				MTL_FAST_MATH = YES;
				ONLY_ACTIVE_ARCH = YES;
				SDKROOT = iphoneos;
				SWIFT_ACTIVE_COMPILATION_CONDITIONS = DEBUG;
				SWIFT_OPTIMIZATION_LEVEL = "-Onone";
			};
			name = Debug;
		};
		430D471422AF77B600A7FA6E /* Release */ = {
			isa = XCBuildConfiguration;
			buildSettings = {
				ALWAYS_SEARCH_USER_PATHS = NO;
				CLANG_ANALYZER_NONNULL = YES;
				CLANG_ANALYZER_NUMBER_OBJECT_CONVERSION = YES_AGGRESSIVE;
				CLANG_CXX_LANGUAGE_STANDARD = "gnu++14";
				CLANG_CXX_LIBRARY = "libc++";
				CLANG_ENABLE_MODULES = YES;
				CLANG_ENABLE_OBJC_ARC = YES;
				CLANG_ENABLE_OBJC_WEAK = YES;
				CLANG_WARN_BLOCK_CAPTURE_AUTORELEASING = YES;
				CLANG_WARN_BOOL_CONVERSION = YES;
				CLANG_WARN_COMMA = YES;
				CLANG_WARN_CONSTANT_CONVERSION = YES;
				CLANG_WARN_DEPRECATED_OBJC_IMPLEMENTATIONS = YES;
				CLANG_WARN_DIRECT_OBJC_ISA_USAGE = YES_ERROR;
				CLANG_WARN_DOCUMENTATION_COMMENTS = YES;
				CLANG_WARN_EMPTY_BODY = YES;
				CLANG_WARN_ENUM_CONVERSION = YES;
				CLANG_WARN_INFINITE_RECURSION = YES;
				CLANG_WARN_INT_CONVERSION = YES;
				CLANG_WARN_NON_LITERAL_NULL_CONVERSION = YES;
				CLANG_WARN_OBJC_IMPLICIT_RETAIN_SELF = YES;
				CLANG_WARN_OBJC_LITERAL_CONVERSION = YES;
				CLANG_WARN_OBJC_ROOT_CLASS = YES_ERROR;
				CLANG_WARN_RANGE_LOOP_ANALYSIS = YES;
				CLANG_WARN_STRICT_PROTOTYPES = YES;
				CLANG_WARN_SUSPICIOUS_MOVE = YES;
				CLANG_WARN_UNGUARDED_AVAILABILITY = YES_AGGRESSIVE;
				CLANG_WARN_UNREACHABLE_CODE = YES;
				CLANG_WARN__DUPLICATE_METHOD_MATCH = YES;
				COPY_PHASE_STRIP = NO;
				DEBUG_INFORMATION_FORMAT = "dwarf-with-dsym";
				ENABLE_NS_ASSERTIONS = NO;
				ENABLE_STRICT_OBJC_MSGSEND = YES;
				GCC_C_LANGUAGE_STANDARD = gnu11;
				GCC_NO_COMMON_BLOCKS = YES;
				GCC_WARN_64_TO_32_BIT_CONVERSION = YES;
				GCC_WARN_ABOUT_RETURN_TYPE = YES_ERROR;
				GCC_WARN_UNDECLARED_SELECTOR = YES;
				GCC_WARN_UNINITIALIZED_AUTOS = YES_AGGRESSIVE;
				GCC_WARN_UNUSED_FUNCTION = YES;
				GCC_WARN_UNUSED_VARIABLE = YES;
				IPHONEOS_DEPLOYMENT_TARGET = 13.0;
				MTL_ENABLE_DEBUG_INFO = NO;
				MTL_FAST_MATH = YES;
				SDKROOT = iphoneos;
				SWIFT_COMPILATION_MODE = wholemodule;
				SWIFT_OPTIMIZATION_LEVEL = "-O";
				VALIDATE_PRODUCT = YES;
			};
			name = Release;
		};
		430D471622AF77B600A7FA6E /* Debug */ = {
			isa = XCBuildConfiguration;
			buildSettings = {
				ASSETCATALOG_COMPILER_APPICON_NAME = AppIcon;
				CODE_SIGN_STYLE = Automatic;
				DEVELOPMENT_ASSET_PATHS = "SunburstDiagram/Preview\\ Content";
				DEVELOPMENT_TEAM = D6826XDERA;
				ENABLE_PREVIEWS = YES;
				INFOPLIST_FILE = SunburstDiagram/Info.plist;
				LD_RUNPATH_SEARCH_PATHS = (
					"$(inherited)",
					"@executable_path/Frameworks",
				);
				PRODUCT_BUNDLE_IDENTIFIER = com.ludo.SunburstDiagramDemo;
				PRODUCT_NAME = "$(TARGET_NAME)";
				SWIFT_VERSION = 5.0;
				TARGETED_DEVICE_FAMILY = "1,2";
			};
			name = Debug;
		};
		430D471722AF77B600A7FA6E /* Release */ = {
			isa = XCBuildConfiguration;
			buildSettings = {
				ASSETCATALOG_COMPILER_APPICON_NAME = AppIcon;
				CODE_SIGN_STYLE = Automatic;
				DEVELOPMENT_ASSET_PATHS = "SunburstDiagram/Preview\\ Content";
				DEVELOPMENT_TEAM = D6826XDERA;
				ENABLE_PREVIEWS = YES;
				INFOPLIST_FILE = SunburstDiagram/Info.plist;
				LD_RUNPATH_SEARCH_PATHS = (
					"$(inherited)",
					"@executable_path/Frameworks",
				);
				PRODUCT_BUNDLE_IDENTIFIER = com.ludo.SunburstDiagramDemo;
				PRODUCT_NAME = "$(TARGET_NAME)";
				SWIFT_VERSION = 5.0;
				TARGETED_DEVICE_FAMILY = "1,2";
			};
			name = Release;
		};
/* End XCBuildConfiguration section */

/* Begin XCConfigurationList section */
		430D46FC22AF77B300A7FA6E /* Build configuration list for PBXProject "SunburstDiagramDemo" */ = {
			isa = XCConfigurationList;
			buildConfigurations = (
				430D471322AF77B600A7FA6E /* Debug */,
				430D471422AF77B600A7FA6E /* Release */,
			);
			defaultConfigurationIsVisible = 0;
			defaultConfigurationName = Release;
		};
		430D471522AF77B600A7FA6E /* Build configuration list for PBXNativeTarget "SunburstDiagramDemo" */ = {
			isa = XCConfigurationList;
			buildConfigurations = (
				430D471622AF77B600A7FA6E /* Debug */,
				430D471722AF77B600A7FA6E /* Release */,
			);
			defaultConfigurationIsVisible = 0;
			defaultConfigurationName = Release;
		};
/* End XCConfigurationList section */

/* Begin XCSwiftPackageProductDependency section */
		430D473822B207E900A7FA6E /* SunburstDiagram */ = {
			isa = XCSwiftPackageProductDependency;
			productName = SunburstDiagram;
		};
/* End XCSwiftPackageProductDependency section */
	};
	rootObject = 430D46F922AF77B300A7FA6E /* Project object */;
}
